version = 1
revision = 1
requires-python = ">=3.11"

[[package]]
name = "project-dynamic-ice"
version = "0.1.0"
source = { virtual = "." }
dependencies = [
    { name = "zeroc-ice" },
]

[package.metadata]
requires-dist = [{ name = "zeroc-ice", specifier = ">=3.7.10.1" }]

[[package]]
name = "zeroc-ice"
version = "3.7.10.1"
source = { registry = "https://pypi.org/simple" }
sdist = { url = "https://files.pythonhosted.org/packages/cf/a1/3ddb4e1c4033785ca4ed58b078644bc7d33476373b913acee6ad6bdb4c85/zeroc_ice-3.7.10.1.tar.gz", hash = "sha256:b063aafda360df711f76945529bb541576f266be41e5d5a2dd77f5d320c18664", size = 1316205 }
wheels = [
    { url = "https://files.pythonhosted.org/packages/b9/8e/2184e75afb877841d73ef8b7549839263480778103a18208757ee08e1331/zeroc_ice-3.7.10.1-cp311-cp311-macosx_14_0_arm64.whl", hash = "sha256:4f473f750b06f25f5ef2a74172597b2c57b1e43f6db1525550596b5980ed34f3", size = 2524269 },
    { url = "https://files.pythonhosted.org/packages/e2/40/6e8c5d07cbc33e696267eefa10eab847d566b277effee7abdceedbb756b3/zeroc_ice-3.7.10.1-cp311-cp311-win32.whl", hash = "sha256:df53e8c2354136e354c449f4f1acc32ca2acad5ce50f3aad0b8ef5308b14754e", size = 1880476 },
    { url = "https://files.pythonhosted.org/packages/26/de/6883c28d599a3e857542f8361aaeb0d0dae28a683deb4fa32c0ea40007b9/zeroc_ice-3.7.10.1-cp311-cp311-win_amd64.whl", hash = "sha256:e259d1464572d0ca6b527a02e8f2f95c094816f206f0e8fff0acf05d62081854", size = 2327609 },
    { url = "https://files.pythonhosted.org/packages/a3/09/c92890884d66e2a1e06eb71044e93fd5ea3fe40a7c27a6cfb6bf62a18f62/zeroc_ice-3.7.10.1-cp312-cp312-macosx_14_0_arm64.whl", hash = "sha256:9412433e04585aa362e9291f28cd3fd1e811ea115991fdf68f9aa6aaadf8082a", size = 2524289 },
    { url = "https://files.pythonhosted.org/packages/20/10/1ed717c32a44954fc09670db903409c26bdb91f7572ab3c3452ea207306a/zeroc_ice-3.7.10.1-cp312-cp312-win32.whl", hash = "sha256:55b12926a6328664ea423bc0766c87dc7d293520d857438752bff5ab88c0e27f", size = 1881517 },
    { url = "https://files.pythonhosted.org/packages/2a/c3/4cc6e0e9abb7684ccb97c66078eee7599beea9c9b774e197d32e978a3f80/zeroc_ice-3.7.10.1-cp312-cp312-win_amd64.whl", hash = "sha256:85b0bc8d17ef765bdbba248af75cb013b2e7e03283fe100c2d8ff7cd3648f7fd", size = 2329011 },
]
